
Microsoft Visual Studio Solution File, Format Version 12.00
Project("{FAE04EC0-301F-11D3-BF4B-00C04F79EFBC}") = "AzureRegistryDemo", "AzureRegistryDemo\AzureRegistryDemo.csproj", "{3ACBBE08-3E43-4DBC-BB47-A80AD68BC9EF}"
EndProject
Global
	GlobalSection(SolutionConfigurationPlatforms) = preSolution
		Debug|Any CPU = Debug|Any CPU
		Release|Any CPU = Release|Any CPU
	EndGlobalSection
	GlobalSection(ProjectConfigurationPlatforms) = postSolution
		{3ACBBE08-3E43-4DBC-BB47-A80AD68BC9EF}.Debug|Any CPU.ActiveCfg = Debug|Any CPU
		{3ACBBE08-3E43-4DBC-BB47-A80AD68BC9EF}.Debug|Any CPU.Build.0 = Debug|Any CPU
		{3ACBBE08-3E43-4DBC-BB47-A80AD68BC9EF}.Release|Any CPU.ActiveCfg = Release|Any CPU
		{3ACBBE08-3E43-4DBC-BB47-A80AD68BC9EF}.Release|Any CPU.Build.0 = Release|Any CPU
	EndGlobalSection
EndGlobal
